
Microsoft Visual Studio Solution File, Format Version 12.00
# Visual Studio Version 17
VisualStudioVersion = 17.8.34511.84
MinimumVisualStudioVersion = 10.0.40219.1
Project("{FAE04EC0-301F-11D3-BF4B-00C04F79EFBC}") = "WindowsFormsApp1", "WindowsFormsApp1.csproj", "{FEDFEF84-63EE-4888-A625-41D3BC6A7C84}"
EndProject
Global
	GlobalSection(SolutionConfigurationPlatforms) = preSolution
		Debug|Any CPU = Debug|Any CPU
		Release|Any CPU = Release|Any CPU
	EndGlobalSection
	GlobalSection(ProjectConfigurationPlatforms) = postSolution
		{FEDFEF84-63EE-4888-A625-41D3BC6A7C84}.Debug|Any CPU.ActiveCfg = Debug|Any CPU
		{FEDFEF84-63EE-4888-A625-41D3BC6A7C84}.Debug|Any CPU.Build.0 = Debug|Any CPU
		{FEDFEF84-63EE-4888-A625-41D3BC6A7C84}.Release|Any CPU.ActiveCfg = Release|Any CPU
		{FEDFEF84-63EE-4888-A625-41D3BC6A7C84}.Release|Any CPU.Build.0 = Release|Any CPU
	EndGlobalSection
	GlobalSection(SolutionProperties) = preSolution
		HideSolutionNode = FALSE
	EndGlobalSection
	GlobalSection(ExtensibilityGlobals) = postSolution
		SolutionGuid = {6005AD8F-5082-4626-AEBA-8318DB236E85}
	EndGlobalSection
EndGlobal
